
Microsoft Visual Studio Solution File, Format Version 12.00
# Visual Studio Version 17
VisualStudioVersion = 17.4.33213.308
MinimumVisualStudioVersion = 10.0.40219.1
Project("{54A90642-561A-4BB1-A94E-469ADEE60C69}") = "custom_pipe", "custom_pipe.esproj", "{94EC72D4-F0C4-4435-A260-06BD31415633}"
EndProject
Global
	GlobalSection(SolutionConfigurationPlatforms) = preSolution
		Debug|Any CPU = Debug|Any CPU
		Release|Any CPU = Release|Any CPU
	EndGlobalSection
	GlobalSection(ProjectConfigurationPlatforms) = postSolution
		{94EC72D4-F0C4-4435-A260-06BD31415633}.Debug|Any CPU.ActiveCfg = Debug|Any CPU
		{94EC72D4-F0C4-4435-A260-06BD31415633}.Debug|Any CPU.Build.0 = Debug|Any CPU
		{94EC72D4-F0C4-4435-A260-06BD31415633}.Debug|Any CPU.Deploy.0 = Debug|Any CPU
		{94EC72D4-F0C4-4435-A260-06BD31415633}.Release|Any CPU.ActiveCfg = Release|Any CPU
		{94EC72D4-F0C4-4435-A260-06BD31415633}.Release|Any CPU.Build.0 = Release|Any CPU
		{94EC72D4-F0C4-4435-A260-06BD31415633}.Release|Any CPU.Deploy.0 = Release|Any CPU
	EndGlobalSection
	GlobalSection(SolutionProperties) = preSolution
		HideSolutionNode = FALSE
	EndGlobalSection
	GlobalSection(ExtensibilityGlobals) = postSolution
		SolutionGuid = {DAAE9FA0-760D-4249-8FE5-A8B144F3A968}
	EndGlobalSection
EndGlobal
